
Microsoft Visual Studio Solution File, Format Version 12.00
# Visual Studio Version 17
VisualStudioVersion = 17.5.002.0
MinimumVisualStudioVersion = 10.0.40219.1
Project("{9A19103F-16F7-4668-BE54-9A1E7A4F7556}") = "HelloWorld", "00 - hello-world\HelloWorld.csproj", "{489AB971-5377-4A31-BBB0-7407642F88EB}"
EndProject
Project("{9A19103F-16F7-4668-BE54-9A1E7A4F7556}") = "LuciansLusciousLasagna", "01 - lucians-luscious-lasagna\LuciansLusciousLasagna.csproj", "{BE876278-9F7A-4947-8879-CE44F9AB27B8}"
EndProject
Project("{9A19103F-16F7-4668-BE54-9A1E7A4F7556}") = "AnnalynsInfiltration", "02 - annalyns-infiltration\AnnalynsInfiltration.csproj", "{0E8DC2E7-D2E8-4CD1-9416-DEA291594989}"
EndProject
Project("{9A19103F-16F7-4668-BE54-9A1E7A4F7556}") = "LogLevels", "03 - log-levels\LogLevels.csproj", "{04D3E64B-AA70-4D92-A491-48B5A29B8F35}"
EndProject
Project("{9A19103F-16F7-4668-BE54-9A1E7A4F7556}") = "CarsAssemble", "04 - cars-assemble\CarsAssemble.csproj", "{6093F3AB-F70D-4FFC-A80B-09F3C63A2FFD}"
EndProject
Project("{9A19103F-16F7-4668-BE54-9A1E7A4F7556}") = "ElonsToys", "05 - elons-toys\ElonsToys.csproj", "{39DEA770-48AE-41B6-BAEE-4EAD495540E6}"
EndProject
Project("{9A19103F-16F7-4668-BE54-9A1E7A4F7556}") = "InterestIsInteresting", "06 - interest-is-interesting\InterestIsInteresting.csproj", "{DA6823A3-F7DA-4247-9539-C881C6BC90B5}"
EndProject
Project("{9A19103F-16F7-4668-BE54-9A1E7A4F7556}") = "BirdWatcher", "07 - bird-watcher\BirdWatcher.csproj", "{E1B6D8DD-3124-46A6-9DAC-CF4641195D65}"
EndProject
Project("{9A19103F-16F7-4668-BE54-9A1E7A4F7556}") = "NeedForSpeed", "08 - need-for-speed\NeedForSpeed.csproj", "{D6EC6176-C3A4-45BF-B199-3B8AF0079D52}"
EndProject
Project("{9A19103F-16F7-4668-BE54-9A1E7A4F7556}") = "BookingUpForBeauty", "09 - booking-up-for-beauty\BookingUpForBeauty.csproj", "{67871BD1-D4B8-4FAD-9EE2-EB0B2A885A9E}"
EndProject
Project("{9A19103F-16F7-4668-BE54-9A1E7A4F7556}") = "SqueakyClean", "10 - squeaky-clean\SqueakyClean.csproj", "{65FF2B13-A7E9-4BAE-9656-FE6A99D8AD4D}"
EndProject
Project("{9A19103F-16F7-4668-BE54-9A1E7A4F7556}") = "RollTheDie", "11 - roll-the-die\RollTheDie.csproj", "{432F6379-5E34-426F-8757-3256FFC9F162}"
EndProject
Project("{9A19103F-16F7-4668-BE54-9A1E7A4F7556}") = "WizardsAndWarriors", "12 - wizards-and-warriors\WizardsAndWarriors.csproj", "{79BD993E-1AE3-4998-BC61-72AF1023E0FB}"
EndProject
Project("{9A19103F-16F7-4668-BE54-9A1E7A4F7556}") = "HyperOptimizedTelemetry", "13 - hyper-optimized-telemetry\HyperOptimizedTelemetry.csproj", "{6FE9803B-DD1C-4C24-B4AA-40FCEDA3C687}"
EndProject
Project("{9A19103F-16F7-4668-BE54-9A1E7A4F7556}") = "TimFromMarketing", "14 - tim-from-marketing\TimFromMarketing.csproj", "{45103BD2-32C1-4ECF-91D4-EDAEFA1A7CC3}"
EndProject
Project("{9A19103F-16F7-4668-BE54-9A1E7A4F7556}") = "LogAnalysis", "15 - log-analysis\LogAnalysis.csproj", "{AEC70ED7-729F-40AC-BED9-1F1750B773AB}"
EndProject
Project("{9A19103F-16F7-4668-BE54-9A1E7A4F7556}") = "TracksOnTracksOnTracks", "16 - tracks-on-tracks-on-tracks\TracksOnTracksOnTracks.csproj", "{A46F8FC0-60DE-48B9-A8D1-E61B489D2B08}"
EndProject
Project("{9A19103F-16F7-4668-BE54-9A1E7A4F7556}") = "FootballMatchReports", "17 - football-match-reports\FootballMatchReports.csproj", "{DE993CB9-1097-40BA-8BF3-D4C353C9201F}"
EndProject
Project("{9A19103F-16F7-4668-BE54-9A1E7A4F7556}") = "InternationalCallingConnoisseur", "18 - international-calling-connoisseur\InternationalCallingConnoisseur.csproj", "{D929EC94-B20C-4469-AF3F-C2E670243592}"
EndProject
Global
	GlobalSection(SolutionConfigurationPlatforms) = preSolution
		Debug|Any CPU = Debug|Any CPU
		Release|Any CPU = Release|Any CPU
	EndGlobalSection
	GlobalSection(ProjectConfigurationPlatforms) = postSolution
		{489AB971-5377-4A31-BBB0-7407642F88EB}.Debug|Any CPU.ActiveCfg = Debug|Any CPU
		{489AB971-5377-4A31-BBB0-7407642F88EB}.Debug|Any CPU.Build.0 = Debug|Any CPU
		{489AB971-5377-4A31-BBB0-7407642F88EB}.Release|Any CPU.ActiveCfg = Release|Any CPU
		{489AB971-5377-4A31-BBB0-7407642F88EB}.Release|Any CPU.Build.0 = Release|Any CPU
		{BE876278-9F7A-4947-8879-CE44F9AB27B8}.Debug|Any CPU.ActiveCfg = Debug|Any CPU
		{BE876278-9F7A-4947-8879-CE44F9AB27B8}.Debug|Any CPU.Build.0 = Debug|Any CPU
		{BE876278-9F7A-4947-8879-CE44F9AB27B8}.Release|Any CPU.ActiveCfg = Release|Any CPU
		{BE876278-9F7A-4947-8879-CE44F9AB27B8}.Release|Any CPU.Build.0 = Release|Any CPU
		{0E8DC2E7-D2E8-4CD1-9416-DEA291594989}.Debug|Any CPU.ActiveCfg = Debug|Any CPU
		{0E8DC2E7-D2E8-4CD1-9416-DEA291594989}.Debug|Any CPU.Build.0 = Debug|Any CPU
		{0E8DC2E7-D2E8-4CD1-9416-DEA291594989}.Release|Any CPU.ActiveCfg = Release|Any CPU
		{0E8DC2E7-D2E8-4CD1-9416-DEA291594989}.Release|Any CPU.Build.0 = Release|Any CPU
		{04D3E64B-AA70-4D92-A491-48B5A29B8F35}.Debug|Any CPU.ActiveCfg = Debug|Any CPU
		{04D3E64B-AA70-4D92-A491-48B5A29B8F35}.Debug|Any CPU.Build.0 = Debug|Any CPU
		{04D3E64B-AA70-4D92-A491-48B5A29B8F35}.Release|Any CPU.ActiveCfg = Release|Any CPU
		{04D3E64B-AA70-4D92-A491-48B5A29B8F35}.Release|Any CPU.Build.0 = Release|Any CPU
		{6093F3AB-F70D-4FFC-A80B-09F3C63A2FFD}.Debug|Any CPU.ActiveCfg = Debug|Any CPU
		{6093F3AB-F70D-4FFC-A80B-09F3C63A2FFD}.Debug|Any CPU.Build.0 = Debug|Any CPU
		{6093F3AB-F70D-4FFC-A80B-09F3C63A2FFD}.Release|Any CPU.ActiveCfg = Release|Any CPU
		{6093F3AB-F70D-4FFC-A80B-09F3C63A2FFD}.Release|Any CPU.Build.0 = Release|Any CPU
		{39DEA770-48AE-41B6-BAEE-4EAD495540E6}.Debug|Any CPU.ActiveCfg = Debug|Any CPU
		{39DEA770-48AE-41B6-BAEE-4EAD495540E6}.Debug|Any CPU.Build.0 = Debug|Any CPU
		{39DEA770-48AE-41B6-BAEE-4EAD495540E6}.Release|Any CPU.ActiveCfg = Release|Any CPU
		{39DEA770-48AE-41B6-BAEE-4EAD495540E6}.Release|Any CPU.Build.0 = Release|Any CPU
		{DA6823A3-F7DA-4247-9539-C881C6BC90B5}.Debug|Any CPU.ActiveCfg = Debug|Any CPU
		{DA6823A3-F7DA-4247-9539-C881C6BC90B5}.Debug|Any CPU.Build.0 = Debug|Any CPU
		{DA6823A3-F7DA-4247-9539-C881C6BC90B5}.Release|Any CPU.ActiveCfg = Release|Any CPU
		{DA6823A3-F7DA-4247-9539-C881C6BC90B5}.Release|Any CPU.Build.0 = Release|Any CPU
		{E1B6D8DD-3124-46A6-9DAC-CF4641195D65}.Debug|Any CPU.ActiveCfg = Debug|Any CPU
		{E1B6D8DD-3124-46A6-9DAC-CF4641195D65}.Debug|Any CPU.Build.0 = Debug|Any CPU
		{E1B6D8DD-3124-46A6-9DAC-CF4641195D65}.Release|Any CPU.ActiveCfg = Release|Any CPU
		{E1B6D8DD-3124-46A6-9DAC-CF4641195D65}.Release|Any CPU.Build.0 = Release|Any CPU
		{D6EC6176-C3A4-45BF-B199-3B8AF0079D52}.Debug|Any CPU.ActiveCfg = Debug|Any CPU
		{D6EC6176-C3A4-45BF-B199-3B8AF0079D52}.Debug|Any CPU.Build.0 = Debug|Any CPU
		{D6EC6176-C3A4-45BF-B199-3B8AF0079D52}.Release|Any CPU.ActiveCfg = Release|Any CPU
		{D6EC6176-C3A4-45BF-B199-3B8AF0079D52}.Release|Any CPU.Build.0 = Release|Any CPU
		{67871BD1-D4B8-4FAD-9EE2-EB0B2A885A9E}.Debug|Any CPU.ActiveCfg = Debug|Any CPU
		{67871BD1-D4B8-4FAD-9EE2-EB0B2A885A9E}.Debug|Any CPU.Build.0 = Debug|Any CPU
		{67871BD1-D4B8-4FAD-9EE2-EB0B2A885A9E}.Release|Any CPU.ActiveCfg = Release|Any CPU
		{67871BD1-D4B8-4FAD-9EE2-EB0B2A885A9E}.Release|Any CPU.Build.0 = Release|Any CPU
		{65FF2B13-A7E9-4BAE-9656-FE6A99D8AD4D}.Debug|Any CPU.ActiveCfg = Debug|Any CPU
		{65FF2B13-A7E9-4BAE-9656-FE6A99D8AD4D}.Debug|Any CPU.Build.0 = Debug|Any CPU
		{65FF2B13-A7E9-4BAE-9656-FE6A99D8AD4D}.Release|Any CPU.ActiveCfg = Release|Any CPU
		{65FF2B13-A7E9-4BAE-9656-FE6A99D8AD4D}.Release|Any CPU.Build.0 = Release|Any CPU
		{432F6379-5E34-426F-8757-3256FFC9F162}.Debug|Any CPU.ActiveCfg = Debug|Any CPU
		{432F6379-5E34-426F-8757-3256FFC9F162}.Debug|Any CPU.Build.0 = Debug|Any CPU
		{432F6379-5E34-426F-8757-3256FFC9F162}.Release|Any CPU.ActiveCfg = Release|Any CPU
		{432F6379-5E34-426F-8757-3256FFC9F162}.Release|Any CPU.Build.0 = Release|Any CPU
		{79BD993E-1AE3-4998-BC61-72AF1023E0FB}.Debug|Any CPU.ActiveCfg = Debug|Any CPU
		{79BD993E-1AE3-4998-BC61-72AF1023E0FB}.Debug|Any CPU.Build.0 = Debug|Any CPU
		{79BD993E-1AE3-4998-BC61-72AF1023E0FB}.Release|Any CPU.ActiveCfg = Release|Any CPU
		{79BD993E-1AE3-4998-BC61-72AF1023E0FB}.Release|Any CPU.Build.0 = Release|Any CPU
		{6FE9803B-DD1C-4C24-B4AA-40FCEDA3C687}.Debug|Any CPU.ActiveCfg = Debug|Any CPU
		{6FE9803B-DD1C-4C24-B4AA-40FCEDA3C687}.Debug|Any CPU.Build.0 = Debug|Any CPU
		{6FE9803B-DD1C-4C24-B4AA-40FCEDA3C687}.Release|Any CPU.ActiveCfg = Release|Any CPU
		{6FE9803B-DD1C-4C24-B4AA-40FCEDA3C687}.Release|Any CPU.Build.0 = Release|Any CPU
		{45103BD2-32C1-4ECF-91D4-EDAEFA1A7CC3}.Debug|Any CPU.ActiveCfg = Debug|Any CPU
		{45103BD2-32C1-4ECF-91D4-EDAEFA1A7CC3}.Debug|Any CPU.Build.0 = Debug|Any CPU
		{45103BD2-32C1-4ECF-91D4-EDAEFA1A7CC3}.Release|Any CPU.ActiveCfg = Release|Any CPU
		{45103BD2-32C1-4ECF-91D4-EDAEFA1A7CC3}.Release|Any CPU.Build.0 = Release|Any CPU
		{AEC70ED7-729F-40AC-BED9-1F1750B773AB}.Debug|Any CPU.ActiveCfg = Debug|Any CPU
		{AEC70ED7-729F-40AC-BED9-1F1750B773AB}.Debug|Any CPU.Build.0 = Debug|Any CPU
		{AEC70ED7-729F-40AC-BED9-1F1750B773AB}.Release|Any CPU.ActiveCfg = Release|Any CPU
		{AEC70ED7-729F-40AC-BED9-1F1750B773AB}.Release|Any CPU.Build.0 = Release|Any CPU
		{A46F8FC0-60DE-48B9-A8D1-E61B489D2B08}.Debug|Any CPU.ActiveCfg = Debug|Any CPU
		{A46F8FC0-60DE-48B9-A8D1-E61B489D2B08}.Debug|Any CPU.Build.0 = Debug|Any CPU
		{A46F8FC0-60DE-48B9-A8D1-E61B489D2B08}.Release|Any CPU.ActiveCfg = Release|Any CPU
		{A46F8FC0-60DE-48B9-A8D1-E61B489D2B08}.Release|Any CPU.Build.0 = Release|Any CPU
		{DE993CB9-1097-40BA-8BF3-D4C353C9201F}.Debug|Any CPU.ActiveCfg = Debug|Any CPU
		{DE993CB9-1097-40BA-8BF3-D4C353C9201F}.Debug|Any CPU.Build.0 = Debug|Any CPU
		{DE993CB9-1097-40BA-8BF3-D4C353C9201F}.Release|Any CPU.ActiveCfg = Release|Any CPU
		{DE993CB9-1097-40BA-8BF3-D4C353C9201F}.Release|Any CPU.Build.0 = Release|Any CPU
		{D929EC94-B20C-4469-AF3F-C2E670243592}.Debug|Any CPU.ActiveCfg = Debug|Any CPU
		{D929EC94-B20C-4469-AF3F-C2E670243592}.Debug|Any CPU.Build.0 = Debug|Any CPU
		{D929EC94-B20C-4469-AF3F-C2E670243592}.Release|Any CPU.ActiveCfg = Release|Any CPU
		{D929EC94-B20C-4469-AF3F-C2E670243592}.Release|Any CPU.Build.0 = Release|Any CPU
	EndGlobalSection
	GlobalSection(SolutionProperties) = preSolution
		HideSolutionNode = FALSE
	EndGlobalSection
	GlobalSection(ExtensibilityGlobals) = postSolution
		SolutionGuid = {AE5BC90F-2756-4436-A90D-F495B268D55C}
	EndGlobalSection
EndGlobal
