
Microsoft Visual Studio Solution File, Format Version 12.00
# Visual Studio Version 17
VisualStudioVersion = 17.5.002.0
MinimumVisualStudioVersion = 10.0.40219.1
Project("{2150E333-8FDC-42A3-9474-1A3956D46DE8}") = "csharp", "csharp", "{DE56C287-E7E7-4A76-8245-D6CF7D536FB7}"
EndProject
Project("{9A19103F-16F7-4668-BE54-9A1E7A4F7556}") = "HelloWorld", "csharp\00 - hello-world\HelloWorld.csproj", "{D14D345E-EF04-4CCA-A52B-CE01785CADB8}"
EndProject
Project("{9A19103F-16F7-4668-BE54-9A1E7A4F7556}") = "LuciansLusciousLasagna", "csharp\01 - lucians-luscious-lasagna\LuciansLusciousLasagna.csproj", "{E0C7DA76-5F19-42DB-904E-11CC4004B379}"
EndProject
Project("{9A19103F-16F7-4668-BE54-9A1E7A4F7556}") = "AnnalynsInfiltration", "csharp\02 - annalyns-infiltration\AnnalynsInfiltration.csproj", "{72CAAC05-5BDA-4824-AF95-4573F5C42179}"
EndProject
Project("{9A19103F-16F7-4668-BE54-9A1E7A4F7556}") = "LogLevels", "csharp\03 - log-levels\LogLevels.csproj", "{F343359A-C039-4315-901E-89E762BC119F}"
EndProject
Project("{9A19103F-16F7-4668-BE54-9A1E7A4F7556}") = "CarsAssemble", "csharp\04 - cars-assemble\CarsAssemble.csproj", "{5CC53B58-640E-49D2-96E6-DE8D48AE72FC}"
EndProject
Project("{9A19103F-16F7-4668-BE54-9A1E7A4F7556}") = "ElonsToys", "csharp\05 - elons-toys\ElonsToys.csproj", "{0C6F7EE8-007D-4E76-A746-F181FAC3DFF1}"
EndProject
Project("{9A19103F-16F7-4668-BE54-9A1E7A4F7556}") = "InterestIsInteresting", "csharp\06 - interest-is-interesting\InterestIsInteresting.csproj", "{66B84D22-61BB-4ECE-AF25-561A15EE294E}"
EndProject
Project("{9A19103F-16F7-4668-BE54-9A1E7A4F7556}") = "BirdWatcher", "csharp\07 - bird-watcher\BirdWatcher.csproj", "{0E7D48E0-ED6C-499C-BC68-9ACC791CE3DB}"
EndProject
Project("{9A19103F-16F7-4668-BE54-9A1E7A4F7556}") = "NeedForSpeed", "csharp\08 - need-for-speed\NeedForSpeed.csproj", "{603166EA-C31A-4435-AA97-5B404C94A9CC}"
EndProject
Project("{9A19103F-16F7-4668-BE54-9A1E7A4F7556}") = "BookingUpForBeauty", "csharp\09 - booking-up-for-beauty\BookingUpForBeauty.csproj", "{BC27856A-3D91-4321-BFBB-2C689121F1A7}"
EndProject
Project("{9A19103F-16F7-4668-BE54-9A1E7A4F7556}") = "SqueakyClean", "csharp\10 - squeaky-clean\SqueakyClean.csproj", "{07D89B2C-7D74-4FD0-9C25-D68E812B0D41}"
EndProject
Project("{9A19103F-16F7-4668-BE54-9A1E7A4F7556}") = "RollTheDie", "csharp\11 - roll-the-die\RollTheDie.csproj", "{AB243B7A-1633-4F9A-881B-A4F2A3EF2A7D}"
EndProject
Project("{9A19103F-16F7-4668-BE54-9A1E7A4F7556}") = "WizardsAndWarriors", "csharp\12 - wizards-and-warriors\WizardsAndWarriors.csproj", "{F566CE88-547B-4B0D-8F34-893FEF3A901F}"
EndProject
Project("{9A19103F-16F7-4668-BE54-9A1E7A4F7556}") = "HyperOptimizedTelemetry", "csharp\13 - hyper-optimized-telemetry\HyperOptimizedTelemetry.csproj", "{966485AA-1F0B-433A-A517-5B88EFAA23F6}"
EndProject
Project("{9A19103F-16F7-4668-BE54-9A1E7A4F7556}") = "TimFromMarketing", "csharp\14 - tim-from-marketing\TimFromMarketing.csproj", "{546ABC02-6370-4B12-A158-D87009A50940}"
EndProject
Project("{9A19103F-16F7-4668-BE54-9A1E7A4F7556}") = "LogAnalysis", "csharp\15 - log-analysis\LogAnalysis.csproj", "{5A6FB25A-9183-49E3-BDEC-0CCF58C435E5}"
EndProject
Project("{9A19103F-16F7-4668-BE54-9A1E7A4F7556}") = "TracksOnTracksOnTracks", "csharp\16 - tracks-on-tracks-on-tracks\TracksOnTracksOnTracks.csproj", "{BA7232ED-5C87-4D07-B359-7AFBCB5C12EC}"
EndProject
Project("{9A19103F-16F7-4668-BE54-9A1E7A4F7556}") = "FootballMatchReports", "csharp\17 - football-match-reports\FootballMatchReports.csproj", "{FAE87811-61F7-4747-8A35-0DD923F4DCFB}"
EndProject
Project("{9A19103F-16F7-4668-BE54-9A1E7A4F7556}") = "InternationalCallingConnoisseur", "csharp\18 - international-calling-connoisseur\InternationalCallingConnoisseur.csproj", "{00285978-6187-4A76-97B5-8BCFC160DD4E}"
EndProject
Project("{9A19103F-16F7-4668-BE54-9A1E7A4F7556}") = "CalculatorConundrum", "csharp\19 - calculator-conundrum\CalculatorConundrum.csproj", "{B61BD846-AEC9-4751-829E-85E6898D5F1D}"
EndProject
Project("{9A19103F-16F7-4668-BE54-9A1E7A4F7556}") = "LogsLogsLogs", "csharp\20 - logs-logs-logs\LogsLogsLogs.csproj", "{F4F502B3-59B3-4AB2-9DC3-5DD45FDBB1A4}"
EndProject
Project("{9A19103F-16F7-4668-BE54-9A1E7A4F7556}") = "SecureMunchesterUnited", "csharp\21 - secure-munchester-united\SecureMunchesterUnited.csproj", "{5D78B396-85DF-4356-9D70-0F7A8188F5FD}"
EndProject
Project("{9A19103F-16F7-4668-BE54-9A1E7A4F7556}") = "AttackOfTheTrolls", "csharp\22 - attack-of-the-trolls\AttackOfTheTrolls.csproj", "{5DB4E3AD-1848-487E-8600-85904668B6C5}"
EndProject
Project("{9A19103F-16F7-4668-BE54-9A1E7A4F7556}") = "HyperinflationHitsHyperia", "csharp\23 - hyperinflation-hits-hyperia\HyperinflationHitsHyperia.csproj", "{6972E344-A9A0-45E3-A2D2-99FA46520CDC}"
EndProject
Project("{9A19103F-16F7-4668-BE54-9A1E7A4F7556}") = "WeighingMachine", "csharp\24 - weighing-machine\WeighingMachine.csproj", "{E079A87D-427C-48AD-BCEF-8430647216A9}"
EndProject
Project("{9A19103F-16F7-4668-BE54-9A1E7A4F7556}") = "ObjectRelationalMapping", "csharp\object-relational-mapping\ObjectRelationalMapping.csproj", "{52FA30B0-27BE-4FE6-8B7D-AAFA79A8B5BA}"
EndProject
Project("{9A19103F-16F7-4668-BE54-9A1E7A4F7556}") = "WizardsAndWarriors2", "csharp\wizards-and-warriors-2\WizardsAndWarriors2.csproj", "{0E7B14DB-C92A-445B-82C9-4091B4C879A9}"
EndProject
Global
	GlobalSection(SolutionConfigurationPlatforms) = preSolution
		Debug|Any CPU = Debug|Any CPU
		Release|Any CPU = Release|Any CPU
	EndGlobalSection
	GlobalSection(ProjectConfigurationPlatforms) = postSolution
		{D14D345E-EF04-4CCA-A52B-CE01785CADB8}.Debug|Any CPU.ActiveCfg = Debug|Any CPU
		{D14D345E-EF04-4CCA-A52B-CE01785CADB8}.Debug|Any CPU.Build.0 = Debug|Any CPU
		{D14D345E-EF04-4CCA-A52B-CE01785CADB8}.Release|Any CPU.ActiveCfg = Release|Any CPU
		{D14D345E-EF04-4CCA-A52B-CE01785CADB8}.Release|Any CPU.Build.0 = Release|Any CPU
		{E0C7DA76-5F19-42DB-904E-11CC4004B379}.Debug|Any CPU.ActiveCfg = Debug|Any CPU
		{E0C7DA76-5F19-42DB-904E-11CC4004B379}.Debug|Any CPU.Build.0 = Debug|Any CPU
		{E0C7DA76-5F19-42DB-904E-11CC4004B379}.Release|Any CPU.ActiveCfg = Release|Any CPU
		{E0C7DA76-5F19-42DB-904E-11CC4004B379}.Release|Any CPU.Build.0 = Release|Any CPU
		{72CAAC05-5BDA-4824-AF95-4573F5C42179}.Debug|Any CPU.ActiveCfg = Debug|Any CPU
		{72CAAC05-5BDA-4824-AF95-4573F5C42179}.Debug|Any CPU.Build.0 = Debug|Any CPU
		{72CAAC05-5BDA-4824-AF95-4573F5C42179}.Release|Any CPU.ActiveCfg = Release|Any CPU
		{72CAAC05-5BDA-4824-AF95-4573F5C42179}.Release|Any CPU.Build.0 = Release|Any CPU
		{F343359A-C039-4315-901E-89E762BC119F}.Debug|Any CPU.ActiveCfg = Debug|Any CPU
		{F343359A-C039-4315-901E-89E762BC119F}.Debug|Any CPU.Build.0 = Debug|Any CPU
		{F343359A-C039-4315-901E-89E762BC119F}.Release|Any CPU.ActiveCfg = Release|Any CPU
		{F343359A-C039-4315-901E-89E762BC119F}.Release|Any CPU.Build.0 = Release|Any CPU
		{5CC53B58-640E-49D2-96E6-DE8D48AE72FC}.Debug|Any CPU.ActiveCfg = Debug|Any CPU
		{5CC53B58-640E-49D2-96E6-DE8D48AE72FC}.Debug|Any CPU.Build.0 = Debug|Any CPU
		{5CC53B58-640E-49D2-96E6-DE8D48AE72FC}.Release|Any CPU.ActiveCfg = Release|Any CPU
		{5CC53B58-640E-49D2-96E6-DE8D48AE72FC}.Release|Any CPU.Build.0 = Release|Any CPU
		{0C6F7EE8-007D-4E76-A746-F181FAC3DFF1}.Debug|Any CPU.ActiveCfg = Debug|Any CPU
		{0C6F7EE8-007D-4E76-A746-F181FAC3DFF1}.Debug|Any CPU.Build.0 = Debug|Any CPU
		{0C6F7EE8-007D-4E76-A746-F181FAC3DFF1}.Release|Any CPU.ActiveCfg = Release|Any CPU
		{0C6F7EE8-007D-4E76-A746-F181FAC3DFF1}.Release|Any CPU.Build.0 = Release|Any CPU
		{66B84D22-61BB-4ECE-AF25-561A15EE294E}.Debug|Any CPU.ActiveCfg = Debug|Any CPU
		{66B84D22-61BB-4ECE-AF25-561A15EE294E}.Debug|Any CPU.Build.0 = Debug|Any CPU
		{66B84D22-61BB-4ECE-AF25-561A15EE294E}.Release|Any CPU.ActiveCfg = Release|Any CPU
		{66B84D22-61BB-4ECE-AF25-561A15EE294E}.Release|Any CPU.Build.0 = Release|Any CPU
		{0E7D48E0-ED6C-499C-BC68-9ACC791CE3DB}.Debug|Any CPU.ActiveCfg = Debug|Any CPU
		{0E7D48E0-ED6C-499C-BC68-9ACC791CE3DB}.Debug|Any CPU.Build.0 = Debug|Any CPU
		{0E7D48E0-ED6C-499C-BC68-9ACC791CE3DB}.Release|Any CPU.ActiveCfg = Release|Any CPU
		{0E7D48E0-ED6C-499C-BC68-9ACC791CE3DB}.Release|Any CPU.Build.0 = Release|Any CPU
		{603166EA-C31A-4435-AA97-5B404C94A9CC}.Debug|Any CPU.ActiveCfg = Debug|Any CPU
		{603166EA-C31A-4435-AA97-5B404C94A9CC}.Debug|Any CPU.Build.0 = Debug|Any CPU
		{603166EA-C31A-4435-AA97-5B404C94A9CC}.Release|Any CPU.ActiveCfg = Release|Any CPU
		{603166EA-C31A-4435-AA97-5B404C94A9CC}.Release|Any CPU.Build.0 = Release|Any CPU
		{BC27856A-3D91-4321-BFBB-2C689121F1A7}.Debug|Any CPU.ActiveCfg = Debug|Any CPU
		{BC27856A-3D91-4321-BFBB-2C689121F1A7}.Debug|Any CPU.Build.0 = Debug|Any CPU
		{BC27856A-3D91-4321-BFBB-2C689121F1A7}.Release|Any CPU.ActiveCfg = Release|Any CPU
		{BC27856A-3D91-4321-BFBB-2C689121F1A7}.Release|Any CPU.Build.0 = Release|Any CPU
		{07D89B2C-7D74-4FD0-9C25-D68E812B0D41}.Debug|Any CPU.ActiveCfg = Debug|Any CPU
		{07D89B2C-7D74-4FD0-9C25-D68E812B0D41}.Debug|Any CPU.Build.0 = Debug|Any CPU
		{07D89B2C-7D74-4FD0-9C25-D68E812B0D41}.Release|Any CPU.ActiveCfg = Release|Any CPU
		{07D89B2C-7D74-4FD0-9C25-D68E812B0D41}.Release|Any CPU.Build.0 = Release|Any CPU
		{AB243B7A-1633-4F9A-881B-A4F2A3EF2A7D}.Debug|Any CPU.ActiveCfg = Debug|Any CPU
		{AB243B7A-1633-4F9A-881B-A4F2A3EF2A7D}.Debug|Any CPU.Build.0 = Debug|Any CPU
		{AB243B7A-1633-4F9A-881B-A4F2A3EF2A7D}.Release|Any CPU.ActiveCfg = Release|Any CPU
		{AB243B7A-1633-4F9A-881B-A4F2A3EF2A7D}.Release|Any CPU.Build.0 = Release|Any CPU
		{F566CE88-547B-4B0D-8F34-893FEF3A901F}.Debug|Any CPU.ActiveCfg = Debug|Any CPU
		{F566CE88-547B-4B0D-8F34-893FEF3A901F}.Debug|Any CPU.Build.0 = Debug|Any CPU
		{F566CE88-547B-4B0D-8F34-893FEF3A901F}.Release|Any CPU.ActiveCfg = Release|Any CPU
		{F566CE88-547B-4B0D-8F34-893FEF3A901F}.Release|Any CPU.Build.0 = Release|Any CPU
		{966485AA-1F0B-433A-A517-5B88EFAA23F6}.Debug|Any CPU.ActiveCfg = Debug|Any CPU
		{966485AA-1F0B-433A-A517-5B88EFAA23F6}.Debug|Any CPU.Build.0 = Debug|Any CPU
		{966485AA-1F0B-433A-A517-5B88EFAA23F6}.Release|Any CPU.ActiveCfg = Release|Any CPU
		{966485AA-1F0B-433A-A517-5B88EFAA23F6}.Release|Any CPU.Build.0 = Release|Any CPU
		{546ABC02-6370-4B12-A158-D87009A50940}.Debug|Any CPU.ActiveCfg = Debug|Any CPU
		{546ABC02-6370-4B12-A158-D87009A50940}.Debug|Any CPU.Build.0 = Debug|Any CPU
		{546ABC02-6370-4B12-A158-D87009A50940}.Release|Any CPU.ActiveCfg = Release|Any CPU
		{546ABC02-6370-4B12-A158-D87009A50940}.Release|Any CPU.Build.0 = Release|Any CPU
		{5A6FB25A-9183-49E3-BDEC-0CCF58C435E5}.Debug|Any CPU.ActiveCfg = Debug|Any CPU
		{5A6FB25A-9183-49E3-BDEC-0CCF58C435E5}.Debug|Any CPU.Build.0 = Debug|Any CPU
		{5A6FB25A-9183-49E3-BDEC-0CCF58C435E5}.Release|Any CPU.ActiveCfg = Release|Any CPU
		{5A6FB25A-9183-49E3-BDEC-0CCF58C435E5}.Release|Any CPU.Build.0 = Release|Any CPU
		{BA7232ED-5C87-4D07-B359-7AFBCB5C12EC}.Debug|Any CPU.ActiveCfg = Debug|Any CPU
		{BA7232ED-5C87-4D07-B359-7AFBCB5C12EC}.Debug|Any CPU.Build.0 = Debug|Any CPU
		{BA7232ED-5C87-4D07-B359-7AFBCB5C12EC}.Release|Any CPU.ActiveCfg = Release|Any CPU
		{BA7232ED-5C87-4D07-B359-7AFBCB5C12EC}.Release|Any CPU.Build.0 = Release|Any CPU
		{FAE87811-61F7-4747-8A35-0DD923F4DCFB}.Debug|Any CPU.ActiveCfg = Debug|Any CPU
		{FAE87811-61F7-4747-8A35-0DD923F4DCFB}.Debug|Any CPU.Build.0 = Debug|Any CPU
		{FAE87811-61F7-4747-8A35-0DD923F4DCFB}.Release|Any CPU.ActiveCfg = Release|Any CPU
		{FAE87811-61F7-4747-8A35-0DD923F4DCFB}.Release|Any CPU.Build.0 = Release|Any CPU
		{00285978-6187-4A76-97B5-8BCFC160DD4E}.Debug|Any CPU.ActiveCfg = Debug|Any CPU
		{00285978-6187-4A76-97B5-8BCFC160DD4E}.Debug|Any CPU.Build.0 = Debug|Any CPU
		{00285978-6187-4A76-97B5-8BCFC160DD4E}.Release|Any CPU.ActiveCfg = Release|Any CPU
		{00285978-6187-4A76-97B5-8BCFC160DD4E}.Release|Any CPU.Build.0 = Release|Any CPU
		{B61BD846-AEC9-4751-829E-85E6898D5F1D}.Debug|Any CPU.ActiveCfg = Debug|Any CPU
		{B61BD846-AEC9-4751-829E-85E6898D5F1D}.Debug|Any CPU.Build.0 = Debug|Any CPU
		{B61BD846-AEC9-4751-829E-85E6898D5F1D}.Release|Any CPU.ActiveCfg = Release|Any CPU
		{B61BD846-AEC9-4751-829E-85E6898D5F1D}.Release|Any CPU.Build.0 = Release|Any CPU
		{F4F502B3-59B3-4AB2-9DC3-5DD45FDBB1A4}.Debug|Any CPU.ActiveCfg = Debug|Any CPU
		{F4F502B3-59B3-4AB2-9DC3-5DD45FDBB1A4}.Debug|Any CPU.Build.0 = Debug|Any CPU
		{F4F502B3-59B3-4AB2-9DC3-5DD45FDBB1A4}.Release|Any CPU.ActiveCfg = Release|Any CPU
		{F4F502B3-59B3-4AB2-9DC3-5DD45FDBB1A4}.Release|Any CPU.Build.0 = Release|Any CPU
		{5D78B396-85DF-4356-9D70-0F7A8188F5FD}.Debug|Any CPU.ActiveCfg = Debug|Any CPU
		{5D78B396-85DF-4356-9D70-0F7A8188F5FD}.Debug|Any CPU.Build.0 = Debug|Any CPU
		{5D78B396-85DF-4356-9D70-0F7A8188F5FD}.Release|Any CPU.ActiveCfg = Release|Any CPU
		{5D78B396-85DF-4356-9D70-0F7A8188F5FD}.Release|Any CPU.Build.0 = Release|Any CPU
		{5DB4E3AD-1848-487E-8600-85904668B6C5}.Debug|Any CPU.ActiveCfg = Debug|Any CPU
		{5DB4E3AD-1848-487E-8600-85904668B6C5}.Debug|Any CPU.Build.0 = Debug|Any CPU
		{5DB4E3AD-1848-487E-8600-85904668B6C5}.Release|Any CPU.ActiveCfg = Release|Any CPU
		{5DB4E3AD-1848-487E-8600-85904668B6C5}.Release|Any CPU.Build.0 = Release|Any CPU
		{6972E344-A9A0-45E3-A2D2-99FA46520CDC}.Debug|Any CPU.ActiveCfg = Debug|Any CPU
		{6972E344-A9A0-45E3-A2D2-99FA46520CDC}.Debug|Any CPU.Build.0 = Debug|Any CPU
		{6972E344-A9A0-45E3-A2D2-99FA46520CDC}.Release|Any CPU.ActiveCfg = Release|Any CPU
		{6972E344-A9A0-45E3-A2D2-99FA46520CDC}.Release|Any CPU.Build.0 = Release|Any CPU
		{E079A87D-427C-48AD-BCEF-8430647216A9}.Debug|Any CPU.ActiveCfg = Debug|Any CPU
		{E079A87D-427C-48AD-BCEF-8430647216A9}.Debug|Any CPU.Build.0 = Debug|Any CPU
		{E079A87D-427C-48AD-BCEF-8430647216A9}.Release|Any CPU.ActiveCfg = Release|Any CPU
		{E079A87D-427C-48AD-BCEF-8430647216A9}.Release|Any CPU.Build.0 = Release|Any CPU
		{52FA30B0-27BE-4FE6-8B7D-AAFA79A8B5BA}.Debug|Any CPU.ActiveCfg = Debug|Any CPU
		{52FA30B0-27BE-4FE6-8B7D-AAFA79A8B5BA}.Debug|Any CPU.Build.0 = Debug|Any CPU
		{52FA30B0-27BE-4FE6-8B7D-AAFA79A8B5BA}.Release|Any CPU.ActiveCfg = Release|Any CPU
		{52FA30B0-27BE-4FE6-8B7D-AAFA79A8B5BA}.Release|Any CPU.Build.0 = Release|Any CPU
		{0E7B14DB-C92A-445B-82C9-4091B4C879A9}.Debug|Any CPU.ActiveCfg = Debug|Any CPU
		{0E7B14DB-C92A-445B-82C9-4091B4C879A9}.Debug|Any CPU.Build.0 = Debug|Any CPU
		{0E7B14DB-C92A-445B-82C9-4091B4C879A9}.Release|Any CPU.ActiveCfg = Release|Any CPU
		{0E7B14DB-C92A-445B-82C9-4091B4C879A9}.Release|Any CPU.Build.0 = Release|Any CPU
	EndGlobalSection
	GlobalSection(SolutionProperties) = preSolution
		HideSolutionNode = FALSE
	EndGlobalSection
	GlobalSection(NestedProjects) = preSolution
		{D14D345E-EF04-4CCA-A52B-CE01785CADB8} = {DE56C287-E7E7-4A76-8245-D6CF7D536FB7}
		{E0C7DA76-5F19-42DB-904E-11CC4004B379} = {DE56C287-E7E7-4A76-8245-D6CF7D536FB7}
		{72CAAC05-5BDA-4824-AF95-4573F5C42179} = {DE56C287-E7E7-4A76-8245-D6CF7D536FB7}
		{F343359A-C039-4315-901E-89E762BC119F} = {DE56C287-E7E7-4A76-8245-D6CF7D536FB7}
		{5CC53B58-640E-49D2-96E6-DE8D48AE72FC} = {DE56C287-E7E7-4A76-8245-D6CF7D536FB7}
		{0C6F7EE8-007D-4E76-A746-F181FAC3DFF1} = {DE56C287-E7E7-4A76-8245-D6CF7D536FB7}
		{66B84D22-61BB-4ECE-AF25-561A15EE294E} = {DE56C287-E7E7-4A76-8245-D6CF7D536FB7}
		{0E7D48E0-ED6C-499C-BC68-9ACC791CE3DB} = {DE56C287-E7E7-4A76-8245-D6CF7D536FB7}
		{603166EA-C31A-4435-AA97-5B404C94A9CC} = {DE56C287-E7E7-4A76-8245-D6CF7D536FB7}
		{BC27856A-3D91-4321-BFBB-2C689121F1A7} = {DE56C287-E7E7-4A76-8245-D6CF7D536FB7}
		{07D89B2C-7D74-4FD0-9C25-D68E812B0D41} = {DE56C287-E7E7-4A76-8245-D6CF7D536FB7}
		{AB243B7A-1633-4F9A-881B-A4F2A3EF2A7D} = {DE56C287-E7E7-4A76-8245-D6CF7D536FB7}
		{F566CE88-547B-4B0D-8F34-893FEF3A901F} = {DE56C287-E7E7-4A76-8245-D6CF7D536FB7}
		{966485AA-1F0B-433A-A517-5B88EFAA23F6} = {DE56C287-E7E7-4A76-8245-D6CF7D536FB7}
		{546ABC02-6370-4B12-A158-D87009A50940} = {DE56C287-E7E7-4A76-8245-D6CF7D536FB7}
		{5A6FB25A-9183-49E3-BDEC-0CCF58C435E5} = {DE56C287-E7E7-4A76-8245-D6CF7D536FB7}
		{BA7232ED-5C87-4D07-B359-7AFBCB5C12EC} = {DE56C287-E7E7-4A76-8245-D6CF7D536FB7}
		{FAE87811-61F7-4747-8A35-0DD923F4DCFB} = {DE56C287-E7E7-4A76-8245-D6CF7D536FB7}
		{00285978-6187-4A76-97B5-8BCFC160DD4E} = {DE56C287-E7E7-4A76-8245-D6CF7D536FB7}
		{B61BD846-AEC9-4751-829E-85E6898D5F1D} = {DE56C287-E7E7-4A76-8245-D6CF7D536FB7}
		{F4F502B3-59B3-4AB2-9DC3-5DD45FDBB1A4} = {DE56C287-E7E7-4A76-8245-D6CF7D536FB7}
		{5D78B396-85DF-4356-9D70-0F7A8188F5FD} = {DE56C287-E7E7-4A76-8245-D6CF7D536FB7}
		{5DB4E3AD-1848-487E-8600-85904668B6C5} = {DE56C287-E7E7-4A76-8245-D6CF7D536FB7}
		{6972E344-A9A0-45E3-A2D2-99FA46520CDC} = {DE56C287-E7E7-4A76-8245-D6CF7D536FB7}
		{E079A87D-427C-48AD-BCEF-8430647216A9} = {DE56C287-E7E7-4A76-8245-D6CF7D536FB7}
		{52FA30B0-27BE-4FE6-8B7D-AAFA79A8B5BA} = {DE56C287-E7E7-4A76-8245-D6CF7D536FB7}
		{0E7B14DB-C92A-445B-82C9-4091B4C879A9} = {DE56C287-E7E7-4A76-8245-D6CF7D536FB7}
	EndGlobalSection
	GlobalSection(ExtensibilityGlobals) = postSolution
		SolutionGuid = {78002B02-48A8-4CDC-8EBC-1E4EDB3A7F49}
	EndGlobalSection
EndGlobal
